# This file is automatically @generated by Cargo.
# It is not intended for manual editing.
# SPDX-FileCopyrightText: 2025 Legiayayana
#
# SPDX-License-Identifier: EUPL-1.2
version = 4

[[package]]
name = "akizuki"
version = "0.1.0"

[[package]]
name = "akizuki-ship"
version = "0.1.0"
dependencies = [
 "akizuki",
]

[[package]]
name = "akizuki-unpack"
version = "0.1.0"
dependencies = [
 "akizuki",
]
